
Microsoft Visual Studio Solution File, Format Version 12.00
# Visual Studio 15
VisualStudioVersion = 15.0.28307.1022
MinimumVisualStudioVersion = 10.0.40219.1
Project("{8BC9CEB8-8B4A-11D0-8D11-00A0C91BC942}") = "Test2", "Test2\Test2.vcxproj", "{AAA49250-1988-47A7-9126-C7FD8B5C255F}"
EndProject
Global
	GlobalSection(SolutionConfigurationPlatforms) = preSolution
		Debug|x64 = Debug|x64
		Debug|x86 = Debug|x86
		Release|x64 = Release|x64
		Release|x86 = Release|x86
	EndGlobalSection
	GlobalSection(ProjectConfigurationPlatforms) = postSolution
		{AAA49250-1988-47A7-9126-C7FD8B5C255F}.Debug|x64.ActiveCfg = Debug|x64
		{AAA49250-1988-47A7-9126-C7FD8B5C255F}.Debug|x64.Build.0 = Debug|x64
		{AAA49250-1988-47A7-9126-C7FD8B5C255F}.Debug|x86.ActiveCfg = Debug|Win32
		{AAA49250-1988-47A7-9126-C7FD8B5C255F}.Debug|x86.Build.0 = Debug|Win32
		{AAA49250-1988-47A7-9126-C7FD8B5C255F}.Release|x64.ActiveCfg = Release|x64
		{AAA49250-1988-47A7-9126-C7FD8B5C255F}.Release|x64.Build.0 = Release|x64
		{AAA49250-1988-47A7-9126-C7FD8B5C255F}.Release|x86.ActiveCfg = Release|Win32
		{AAA49250-1988-47A7-9126-C7FD8B5C255F}.Release|x86.Build.0 = Release|Win32
	EndGlobalSection
	GlobalSection(SolutionProperties) = preSolution
		HideSolutionNode = FALSE
	EndGlobalSection
	GlobalSection(ExtensibilityGlobals) = postSolution
		SolutionGuid = {0E97424E-0E59-49F9-9B57-5EC0AA5CC955}
	EndGlobalSection
EndGlobal
